
Microsoft Visual Studio Solution File, Format Version 12.00
# Visual Studio 15
VisualStudioVersion = 15.0.28307.421
MinimumVisualStudioVersion = 10.0.40219.1
Project("{8BC9CEB8-8B4A-11D0-8D11-00A0C91BC942}") = "Ex02", "Ex02\Ex02.vcxproj", "{F16CB081-89E0-45CF-ACD5-B64C147ADC13}"
EndProject
Project("{8BC9CEB8-8B4A-11D0-8D11-00A0C91BC942}") = "Ex03", "Ex03\Ex03.vcxproj", "{0C8EF4EC-78D6-4BDC-81AA-503AFBD187C7}"
EndProject
Project("{8BC9CEB8-8B4A-11D0-8D11-00A0C91BC942}") = "Ex04", "Ex04\Ex04.vcxproj", "{4517B029-350E-4ECC-8C95-F7781FA3ABA1}"
EndProject
Global
	GlobalSection(SolutionConfigurationPlatforms) = preSolution
		Debug|x64 = Debug|x64
		Debug|x86 = Debug|x86
		Release|x64 = Release|x64
		Release|x86 = Release|x86
	EndGlobalSection
	GlobalSection(ProjectConfigurationPlatforms) = postSolution
		{F16CB081-89E0-45CF-ACD5-B64C147ADC13}.Debug|x64.ActiveCfg = Debug|x64
		{F16CB081-89E0-45CF-ACD5-B64C147ADC13}.Debug|x64.Build.0 = Debug|x64
		{F16CB081-89E0-45CF-ACD5-B64C147ADC13}.Debug|x86.ActiveCfg = Debug|Win32
		{F16CB081-89E0-45CF-ACD5-B64C147ADC13}.Debug|x86.Build.0 = Debug|Win32
		{F16CB081-89E0-45CF-ACD5-B64C147ADC13}.Release|x64.ActiveCfg = Release|x64
		{F16CB081-89E0-45CF-ACD5-B64C147ADC13}.Release|x64.Build.0 = Release|x64
		{F16CB081-89E0-45CF-ACD5-B64C147ADC13}.Release|x86.ActiveCfg = Release|Win32
		{F16CB081-89E0-45CF-ACD5-B64C147ADC13}.Release|x86.Build.0 = Release|Win32
		{0C8EF4EC-78D6-4BDC-81AA-503AFBD187C7}.Debug|x64.ActiveCfg = Debug|x64
		{0C8EF4EC-78D6-4BDC-81AA-503AFBD187C7}.Debug|x64.Build.0 = Debug|x64
		{0C8EF4EC-78D6-4BDC-81AA-503AFBD187C7}.Debug|x86.ActiveCfg = Debug|Win32
		{0C8EF4EC-78D6-4BDC-81AA-503AFBD187C7}.Debug|x86.Build.0 = Debug|Win32
		{0C8EF4EC-78D6-4BDC-81AA-503AFBD187C7}.Release|x64.ActiveCfg = Release|x64
		{0C8EF4EC-78D6-4BDC-81AA-503AFBD187C7}.Release|x64.Build.0 = Release|x64
		{0C8EF4EC-78D6-4BDC-81AA-503AFBD187C7}.Release|x86.ActiveCfg = Release|Win32
		{0C8EF4EC-78D6-4BDC-81AA-503AFBD187C7}.Release|x86.Build.0 = Release|Win32
		{4517B029-350E-4ECC-8C95-F7781FA3ABA1}.Debug|x64.ActiveCfg = Debug|x64
		{4517B029-350E-4ECC-8C95-F7781FA3ABA1}.Debug|x64.Build.0 = Debug|x64
		{4517B029-350E-4ECC-8C95-F7781FA3ABA1}.Debug|x86.ActiveCfg = Debug|Win32
		{4517B029-350E-4ECC-8C95-F7781FA3ABA1}.Debug|x86.Build.0 = Debug|Win32
		{4517B029-350E-4ECC-8C95-F7781FA3ABA1}.Release|x64.ActiveCfg = Release|x64
		{4517B029-350E-4ECC-8C95-F7781FA3ABA1}.Release|x64.Build.0 = Release|x64
		{4517B029-350E-4ECC-8C95-F7781FA3ABA1}.Release|x86.ActiveCfg = Release|Win32
		{4517B029-350E-4ECC-8C95-F7781FA3ABA1}.Release|x86.Build.0 = Release|Win32
	EndGlobalSection
	GlobalSection(SolutionProperties) = preSolution
		HideSolutionNode = FALSE
	EndGlobalSection
	GlobalSection(ExtensibilityGlobals) = postSolution
		SolutionGuid = {3DD25E6A-B5E2-4703-BFCC-FE5C8EF5B1A7}
	EndGlobalSection
EndGlobal
